{
  "originHash" : "08bb6f9b9202c8503cfcf5501be8b9e66070c7aac53f9216fc829a61045b2dbb",
  "pins" : [
    {
      "identity" : "permissionflow",
      "kind" : "remoteSourceControl",
      "location" : "https://github.com/jaywcjlove/PermissionFlow",
      "state" : {
        "revision" : "2f2a4b76b1eb2ff7ab815b977be8229853f10bf8",
        "version" : "2.11.2"
      }
    },
    {
      "identity" : "sparkle",
      "kind" : "remoteSourceControl",
      "location" : "https://github.com/sparkle-project/Sparkle",
      "state" : {
        "revision" : "ac2def288cbff5cfc7df3ffef6abdf45b72bcb0a",
        "version" : "2.9.6"
      }
    }
  ],
  "version" : 3
}
