// !$*UTF8*$!
{
	archiveVersion = 1;
	classes = {
	};
	objectVersion = 70;
	objects = {

/* Begin PBXBuildFile section */
		3177DFBE2FF96C2D00DBB35C /* RoyalVNCKit in Frameworks */ = {isa = PBXBuildFile; productRef = 3177DFBD2FF96C2D00DBB35C /* RoyalVNCKit */; };
		AA0000000000000000000016 /* RoyalVNCKit in Embed Frameworks */ = {isa = PBXBuildFile; productRef = 3177DFBD2FF96C2D00DBB35C /* RoyalVNCKit */; settings = {ATTRIBUTES = (CodeSignOnCopy, ); }; };
		B7C001032FFAA00100000001 /* RevenueCat in Frameworks */ = {isa = PBXBuildFile; productRef = B7C001012FFAA00100000001 /* RevenueCat */; };
		B7C001042FFAA00100000001 /* RevenueCatUI in Frameworks */ = {isa = PBXBuildFile; productRef = B7C001022FFAA00100000001 /* RevenueCatUI */; };
/* End PBXBuildFile section */

/* Begin PBXContainerItemProxy section */
		AA0000000000000000000029 /* PBXContainerItemProxy */ = {
			isa = PBXContainerItemProxy;
			containerPortal = AA0000000000000000000001 /* Project object */;
			proxyType = 1;
			remoteGlobalIDString = AA0000000000000000000005;
			remoteInfo = GlassyDesk;
		};
/* End PBXContainerItemProxy section */

/* Begin PBXCopyFilesBuildPhase section */
		AA0000000000000000000015 /* Embed Frameworks */ = {
			isa = PBXCopyFilesBuildPhase;
			buildActionMask = 2147483647;
			dstPath = "";
			dstSubfolderSpec = 10;
			files = (
				AA0000000000000000000016 /* RoyalVNCKit in Embed Frameworks */,
			);
			name = "Embed Frameworks";
			runOnlyForDeploymentPostprocessing = 0;
		};
/* End PBXCopyFilesBuildPhase section */

/* Begin PBXFileReference section */
		AA0000000000000000000004 /* GlassyDesk.app */ = {isa = PBXFileReference; explicitFileType = wrapper.application; includeInIndex = 0; path = GlassyDesk.app; sourceTree = BUILT_PRODUCTS_DIR; };
		AA0000000000000000000020 /* GlassyDeskTests.xctest */ = {isa = PBXFileReference; explicitFileType = wrapper.cfbundle; includeInIndex = 0; path = GlassyDeskTests.xctest; sourceTree = BUILT_PRODUCTS_DIR; };
/* End PBXFileReference section */

/* Begin PBXFileSystemSynchronizedRootGroup section */
		AA000000000000000000000E /* dejaview */ = {isa = PBXFileSystemSynchronizedRootGroup; explicitFileTypes = {}; explicitFolders = (); path = dejaview; sourceTree = "<group>"; };
		AA0000000000000000000013 /* Support */ = {isa = PBXFileSystemSynchronizedRootGroup; explicitFileTypes = {}; explicitFolders = (); path = Support; sourceTree = "<group>"; };
		AA0000000000000000000021 /* GlassyDeskTests */ = {isa = PBXFileSystemSynchronizedRootGroup; explicitFileTypes = {}; explicitFolders = (); path = GlassyDeskTests; sourceTree = "<group>"; };
/* End PBXFileSystemSynchronizedRootGroup section */

/* Begin PBXFrameworksBuildPhase section */
		AA0000000000000000000008 /* Frameworks */ = {
			isa = PBXFrameworksBuildPhase;
			buildActionMask = 2147483647;
			files = (
				B7C001032FFAA00100000001 /* RevenueCat in Frameworks */,
				B7C001042FFAA00100000001 /* RevenueCatUI in Frameworks */,
				3177DFBE2FF96C2D00DBB35C /* RoyalVNCKit in Frameworks */,
			);
			runOnlyForDeploymentPostprocessing = 0;
		};
		AA0000000000000000000027 /* Frameworks */ = {
			isa = PBXFrameworksBuildPhase;
			buildActionMask = 2147483647;
			files = (
			);
			runOnlyForDeploymentPostprocessing = 0;
		};
/* End PBXFrameworksBuildPhase section */

/* Begin PBXGroup section */
		AA0000000000000000000002 = {
			isa = PBXGroup;
			children = (
				AA000000000000000000000E /* dejaview */,
				AA0000000000000000000013 /* Support */,
				AA0000000000000000000021 /* GlassyDeskTests */,
				AA0000000000000000000003 /* Products */,
			);
			sourceTree = "<group>";
		};
		AA0000000000000000000003 /* Products */ = {
			isa = PBXGroup;
			children = (
				AA0000000000000000000004 /* GlassyDesk.app */,
				AA0000000000000000000020 /* GlassyDeskTests.xctest */,
			);
			name = Products;
			sourceTree = "<group>";
		};
/* End PBXGroup section */

/* Begin PBXNativeTarget section */
		AA0000000000000000000005 /* GlassyDesk */ = {
			isa = PBXNativeTarget;
			buildConfigurationList = AA0000000000000000000006 /* Build configuration list for PBXNativeTarget "GlassyDesk" */;
			buildPhases = (
				AA0000000000000000000007 /* Sources */,
				AA0000000000000000000008 /* Frameworks */,
				AA0000000000000000000009 /* Resources */,
				AA0000000000000000000015 /* Embed Frameworks */,
			);
			buildRules = (
			);
			dependencies = (
			);
			fileSystemSynchronizedGroups = (
				AA000000000000000000000E /* dejaview */,
			);
			name = GlassyDesk;
			packageProductDependencies = (
				3177DFBD2FF96C2D00DBB35C /* RoyalVNCKit */,
				B7C001012FFAA00100000001 /* RevenueCat */,
				B7C001022FFAA00100000001 /* RevenueCatUI */,
			);
			productName = GlassyDesk;
			productReference = AA0000000000000000000004 /* GlassyDesk.app */;
			productType = "com.apple.product-type.application";
		};
		AA0000000000000000000022 /* GlassyDeskTests */ = {
			isa = PBXNativeTarget;
			buildConfigurationList = AA0000000000000000000023 /* Build configuration list for PBXNativeTarget "GlassyDeskTests" */;
			buildPhases = (
				AA0000000000000000000026 /* Sources */,
				AA0000000000000000000027 /* Frameworks */,
				AA0000000000000000000028 /* Resources */,
			);
			buildRules = (
			);
			dependencies = (
				AA000000000000000000002A /* PBXTargetDependency */,
			);
			fileSystemSynchronizedGroups = (
				AA0000000000000000000021 /* GlassyDeskTests */,
			);
			name = GlassyDeskTests;
			packageProductDependencies = (
			);
			productName = GlassyDeskTests;
			productReference = AA0000000000000000000020 /* GlassyDeskTests.xctest */;
			productType = "com.apple.product-type.bundle.unit-test";
		};
/* End PBXNativeTarget section */

/* Begin PBXProject section */
		AA0000000000000000000001 /* Project object */ = {
			isa = PBXProject;
			attributes = {
				BuildIndependentTargetsInParallel = 1;
				LastSwiftUpdateCheck = 1600;
				LastUpgradeCheck = 1600;
				TargetAttributes = {
					AA0000000000000000000005 = {
						CreatedOnToolsVersion = 16.0;
						SystemCapabilities = {
							com.apple.InAppPurchase = {
								enabled = 1;
							};
							com.apple.iCloud = {
								enabled = 1;
							};
						};
					};
					AA0000000000000000000022 = {
						CreatedOnToolsVersion = 26.6;
						TestTargetID = AA0000000000000000000005;
					};
				};
			};
			buildConfigurationList = AA000000000000000000000B /* Build configuration list for PBXProject "dejaview" */;
			compatibilityVersion = "Xcode 15.0";
			developmentRegion = en;
			hasScannedForEncodings = 0;
			knownRegions = (
				en,
				Base,
				de,
				es,
				ja,
				nl,
				"pt-BR",
				"zh-Hans",
			);
			mainGroup = AA0000000000000000000002;
			minimizedProjectReferenceProxies = 1;
			packageReferences = (
				3177DFBC2FF96C2D00DBB35C /* XCRemoteSwiftPackageReference "royalvnc" */,
				B7C001002FFAA00100000001 /* XCRemoteSwiftPackageReference "purchases-ios-spm" */,
			);
			productRefGroup = AA0000000000000000000003 /* Products */;
			projectDirPath = "";
			projectRoot = "";
			targets = (
				AA0000000000000000000005 /* GlassyDesk */,
				AA0000000000000000000022 /* GlassyDeskTests */,
			);
		};
/* End PBXProject section */

/* Begin PBXResourcesBuildPhase section */
		AA0000000000000000000009 /* Resources */ = {
			isa = PBXResourcesBuildPhase;
			buildActionMask = 2147483647;
			files = (
			);
			runOnlyForDeploymentPostprocessing = 0;
		};
		AA0000000000000000000028 /* Resources */ = {
			isa = PBXResourcesBuildPhase;
			buildActionMask = 2147483647;
			files = (
			);
			runOnlyForDeploymentPostprocessing = 0;
		};
/* End PBXResourcesBuildPhase section */

/* Begin PBXSourcesBuildPhase section */
		AA0000000000000000000007 /* Sources */ = {
			isa = PBXSourcesBuildPhase;
			buildActionMask = 2147483647;
			files = (
			);
			runOnlyForDeploymentPostprocessing = 0;
		};
		AA0000000000000000000026 /* Sources */ = {
			isa = PBXSourcesBuildPhase;
			buildActionMask = 2147483647;
			files = (
			);
			runOnlyForDeploymentPostprocessing = 0;
		};
/* End PBXSourcesBuildPhase section */

/* Begin PBXTargetDependency section */
		AA000000000000000000002A /* PBXTargetDependency */ = {
			isa = PBXTargetDependency;
			target = AA0000000000000000000005 /* GlassyDesk */;
			targetProxy = AA0000000000000000000029 /* PBXContainerItemProxy */;
		};
/* End PBXTargetDependency section */

/* Begin XCBuildConfiguration section */
		AA000000000000000000000F /* Debug */ = {
			isa = XCBuildConfiguration;
			buildSettings = {
				ALWAYS_SEARCH_USER_PATHS = NO;
				CLANG_ENABLE_MODULES = YES;
				CLANG_ENABLE_OBJC_ARC = YES;
				COPY_PHASE_STRIP = NO;
				DEBUG_INFORMATION_FORMAT = dwarf;
				ENABLE_STRICT_OBJC_MSGSEND = YES;
				ENABLE_TESTABILITY = YES;
				ENABLE_USER_SCRIPT_SANDBOXING = YES;
				GCC_C_LANGUAGE_STANDARD = gnu17;
				GCC_DYNAMIC_NO_PIC = NO;
				GCC_NO_COMMON_BLOCKS = YES;
				GCC_OPTIMIZATION_LEVEL = 0;
				GCC_PREPROCESSOR_DEFINITIONS = (
					"DEBUG=1",
					"$(inherited)",
				);
				IPHONEOS_DEPLOYMENT_TARGET = 26.0;
				LOCALIZATION_PREFERS_STRING_CATALOGS = YES;
				MTL_ENABLE_DEBUG_INFO = INCLUDE_SOURCE;
				MTL_FAST_MATH = YES;
				ONLY_ACTIVE_ARCH = YES;
				SDKROOT = iphoneos;
				SWIFT_ACTIVE_COMPILATION_CONDITIONS = "DEBUG $(inherited)";
				SWIFT_OPTIMIZATION_LEVEL = "-Onone";
			};
			name = Debug;
		};
		AA0000000000000000000010 /* Release */ = {
			isa = XCBuildConfiguration;
			buildSettings = {
				ALWAYS_SEARCH_USER_PATHS = NO;
				CLANG_ENABLE_MODULES = YES;
				CLANG_ENABLE_OBJC_ARC = YES;
				COPY_PHASE_STRIP = NO;
				DEBUG_INFORMATION_FORMAT = "dwarf-with-dsym";
				ENABLE_NS_ASSERTIONS = NO;
				ENABLE_STRICT_OBJC_MSGSEND = YES;
				ENABLE_USER_SCRIPT_SANDBOXING = YES;
				GCC_C_LANGUAGE_STANDARD = gnu17;
				GCC_NO_COMMON_BLOCKS = YES;
				IPHONEOS_DEPLOYMENT_TARGET = 26.0;
				LOCALIZATION_PREFERS_STRING_CATALOGS = YES;
				MTL_ENABLE_DEBUG_INFO = NO;
				MTL_FAST_MATH = YES;
				SDKROOT = iphoneos;
				SWIFT_COMPILATION_MODE = wholemodule;
				VALIDATE_PRODUCT = YES;
			};
			name = Release;
		};
		AA0000000000000000000011 /* Debug */ = {
			isa = XCBuildConfiguration;
			buildSettings = {
				ASSETCATALOG_COMPILER_APPICON_NAME = AppIcon;
				CODE_SIGN_ENTITLEMENTS = Support/dejaview.entitlements;
				CODE_SIGN_STYLE = Automatic;
				CURRENT_PROJECT_VERSION = 2;
				DEVELOPMENT_TEAM = B2RUA6XMHC;
				GENERATE_INFOPLIST_FILE = YES;
				INFOPLIST_FILE = Support/Info.plist;
				INFOPLIST_KEY_CFBundleDisplayName = "Glassy Desk";
				INFOPLIST_KEY_NSLocalNetworkUsageDescription = "Glassy Desk connects to Macs on your local or private network to view and control their screens.";
				INFOPLIST_KEY_RevenueCatAPIKey = "$(REVENUECAT_API_KEY)";
				INFOPLIST_KEY_UIApplicationSceneManifest_Generation = NO;
				INFOPLIST_KEY_UIApplicationSupportsIndirectInputEvents = YES;
				INFOPLIST_KEY_UILaunchScreen_Generation = YES;
				INFOPLIST_KEY_UISupportedInterfaceOrientations_iPad = "UIInterfaceOrientationLandscapeLeft UIInterfaceOrientationLandscapeRight UIInterfaceOrientationPortrait UIInterfaceOrientationPortraitUpsideDown";
				INFOPLIST_KEY_UISupportedInterfaceOrientations_iPhone = "UIInterfaceOrientationLandscapeLeft UIInterfaceOrientationLandscapeRight UIInterfaceOrientationPortrait";
				LD_RUNPATH_SEARCH_PATHS = (
					"$(inherited)",
					"@executable_path/Frameworks",
				);
				MARKETING_VERSION = 1.3;
				PRODUCT_BUNDLE_IDENTIFIER = dev.bunn.glassydesk;
				PRODUCT_NAME = GlassyDesk;
				REVENUECAT_API_KEY = test_RMgvIJaZNhHZuuEztlmXnxXFXUj;
				SWIFT_EMIT_LOC_STRINGS = YES;
				SWIFT_VERSION = 6.0;
				TARGETED_DEVICE_FAMILY = "1,2";
			};
			name = Debug;
		};
		AA0000000000000000000012 /* Release */ = {
			isa = XCBuildConfiguration;
			buildSettings = {
				ASSETCATALOG_COMPILER_APPICON_NAME = AppIcon;
				CODE_SIGN_ENTITLEMENTS = Support/dejaview.entitlements;
				CODE_SIGN_STYLE = Automatic;
				CURRENT_PROJECT_VERSION = 2;
				DEVELOPMENT_TEAM = B2RUA6XMHC;
				GENERATE_INFOPLIST_FILE = YES;
				INFOPLIST_FILE = Support/Info.plist;
				INFOPLIST_KEY_CFBundleDisplayName = "Glassy Desk";
				INFOPLIST_KEY_NSLocalNetworkUsageDescription = "Glassy Desk connects to Macs on your local or private network to view and control their screens.";
				INFOPLIST_KEY_RevenueCatAPIKey = "$(REVENUECAT_API_KEY)";
				INFOPLIST_KEY_UIApplicationSceneManifest_Generation = NO;
				INFOPLIST_KEY_UIApplicationSupportsIndirectInputEvents = YES;
				INFOPLIST_KEY_UILaunchScreen_Generation = YES;
				INFOPLIST_KEY_UISupportedInterfaceOrientations_iPad = "UIInterfaceOrientationLandscapeLeft UIInterfaceOrientationLandscapeRight UIInterfaceOrientationPortrait UIInterfaceOrientationPortraitUpsideDown";
				INFOPLIST_KEY_UISupportedInterfaceOrientations_iPhone = "UIInterfaceOrientationLandscapeLeft UIInterfaceOrientationLandscapeRight UIInterfaceOrientationPortrait";
				LD_RUNPATH_SEARCH_PATHS = (
					"$(inherited)",
					"@executable_path/Frameworks",
				);
				MARKETING_VERSION = 1.3;
				PRODUCT_BUNDLE_IDENTIFIER = dev.bunn.glassydesk;
				PRODUCT_NAME = GlassyDesk;
				REVENUECAT_API_KEY = appl_bLPxgXKygXLDtUmEexuNkNGENfd;
				SWIFT_EMIT_LOC_STRINGS = YES;
				SWIFT_VERSION = 6.0;
				TARGETED_DEVICE_FAMILY = "1,2";
			};
			name = Release;
		};
		AA0000000000000000000024 /* Debug */ = {
			isa = XCBuildConfiguration;
			buildSettings = {
				BUNDLE_LOADER = "$(TEST_HOST)";
				CODE_SIGN_STYLE = Automatic;
				DEVELOPMENT_TEAM = B2RUA6XMHC;
				GENERATE_INFOPLIST_FILE = YES;
				IPHONEOS_DEPLOYMENT_TARGET = 26.0;
				LD_RUNPATH_SEARCH_PATHS = (
					"$(inherited)",
					"@executable_path/Frameworks",
					"@loader_path/Frameworks",
				);
				PRODUCT_BUNDLE_IDENTIFIER = dev.bunn.glassydesk.tests;
				PRODUCT_NAME = "$(TARGET_NAME)";
				SWIFT_EMIT_LOC_STRINGS = NO;
				SWIFT_VERSION = 6.0;
				TARGETED_DEVICE_FAMILY = "1,2";
				TEST_HOST = "$(BUILT_PRODUCTS_DIR)/GlassyDesk.app/$(BUNDLE_EXECUTABLE_FOLDER_PATH)/GlassyDesk";
			};
			name = Debug;
		};
		AA0000000000000000000025 /* Release */ = {
			isa = XCBuildConfiguration;
			buildSettings = {
				BUNDLE_LOADER = "$(TEST_HOST)";
				CODE_SIGN_STYLE = Automatic;
				DEVELOPMENT_TEAM = B2RUA6XMHC;
				GENERATE_INFOPLIST_FILE = YES;
				IPHONEOS_DEPLOYMENT_TARGET = 26.0;
				LD_RUNPATH_SEARCH_PATHS = (
					"$(inherited)",
					"@executable_path/Frameworks",
					"@loader_path/Frameworks",
				);
				PRODUCT_BUNDLE_IDENTIFIER = dev.bunn.glassydesk.tests;
				PRODUCT_NAME = "$(TARGET_NAME)";
				SWIFT_EMIT_LOC_STRINGS = NO;
				SWIFT_VERSION = 6.0;
				TARGETED_DEVICE_FAMILY = "1,2";
				TEST_HOST = "$(BUILT_PRODUCTS_DIR)/GlassyDesk.app/$(BUNDLE_EXECUTABLE_FOLDER_PATH)/GlassyDesk";
			};
			name = Release;
		};
/* End XCBuildConfiguration section */

/* Begin XCConfigurationList section */
		AA0000000000000000000006 /* Build configuration list for PBXNativeTarget "GlassyDesk" */ = {
			isa = XCConfigurationList;
			buildConfigurations = (
				AA0000000000000000000011 /* Debug */,
				AA0000000000000000000012 /* Release */,
			);
			defaultConfigurationIsVisible = 0;
			defaultConfigurationName = Release;
		};
		AA000000000000000000000B /* Build configuration list for PBXProject "dejaview" */ = {
			isa = XCConfigurationList;
			buildConfigurations = (
				AA000000000000000000000F /* Debug */,
				AA0000000000000000000010 /* Release */,
			);
			defaultConfigurationIsVisible = 0;
			defaultConfigurationName = Release;
		};
		AA0000000000000000000023 /* Build configuration list for PBXNativeTarget "GlassyDeskTests" */ = {
			isa = XCConfigurationList;
			buildConfigurations = (
				AA0000000000000000000024 /* Debug */,
				AA0000000000000000000025 /* Release */,
			);
			defaultConfigurationIsVisible = 0;
			defaultConfigurationName = Release;
		};
/* End XCConfigurationList section */

/* Begin XCRemoteSwiftPackageReference section */
		3177DFBC2FF96C2D00DBB35C /* XCRemoteSwiftPackageReference "royalvnc" */ = {
			isa = XCRemoteSwiftPackageReference;
			repositoryURL = "https://github.com/royalapplications/royalvnc";
			requirement = {
				branch = main;
				kind = branch;
			};
		};
		B7C001002FFAA00100000001 /* XCRemoteSwiftPackageReference "purchases-ios-spm" */ = {
			isa = XCRemoteSwiftPackageReference;
			repositoryURL = "https://github.com/RevenueCat/purchases-ios-spm.git";
			requirement = {
				kind = upToNextMajorVersion;
				minimumVersion = 5.43.0;
			};
		};
/* End XCRemoteSwiftPackageReference section */

/* Begin XCSwiftPackageProductDependency section */
		3177DFBD2FF96C2D00DBB35C /* RoyalVNCKit */ = {
			isa = XCSwiftPackageProductDependency;
			package = 3177DFBC2FF96C2D00DBB35C /* XCRemoteSwiftPackageReference "royalvnc" */;
			productName = RoyalVNCKit;
		};
		B7C001012FFAA00100000001 /* RevenueCat */ = {
			isa = XCSwiftPackageProductDependency;
			package = B7C001002FFAA00100000001 /* XCRemoteSwiftPackageReference "purchases-ios-spm" */;
			productName = RevenueCat;
		};
		B7C001022FFAA00100000001 /* RevenueCatUI */ = {
			isa = XCSwiftPackageProductDependency;
			package = B7C001002FFAA00100000001 /* XCRemoteSwiftPackageReference "purchases-ios-spm" */;
			productName = RevenueCatUI;
		};
/* End XCSwiftPackageProductDependency section */
	};
	rootObject = AA0000000000000000000001 /* Project object */;
}
